
Microsoft Visual Studio Solution File, Format Version 12.00
# Visual Studio Version 17
VisualStudioVersion = 17.7.34031.279
MinimumVisualStudioVersion = 10.0.40219.1
Project("{FAE04EC0-301F-11D3-BF4B-00C04F79EFBC}") = "StoreProcedure", "StoreProcedure\StoreProcedure.csproj", "{0B09D702-BDEF-4B75-8C09-D586CF5C8B28}"
EndProject
Global
	GlobalSection(SolutionConfigurationPlatforms) = preSolution
		Debug|Any CPU = Debug|Any CPU
		Release|Any CPU = Release|Any CPU
	EndGlobalSection
	GlobalSection(ProjectConfigurationPlatforms) = postSolution
		{0B09D702-BDEF-4B75-8C09-D586CF5C8B28}.Debug|Any CPU.ActiveCfg = Debug|Any CPU
		{0B09D702-BDEF-4B75-8C09-D586CF5C8B28}.Debug|Any CPU.Build.0 = Debug|Any CPU
		{0B09D702-BDEF-4B75-8C09-D586CF5C8B28}.Release|Any CPU.ActiveCfg = Release|Any CPU
		{0B09D702-BDEF-4B75-8C09-D586CF5C8B28}.Release|Any CPU.Build.0 = Release|Any CPU
	EndGlobalSection
	GlobalSection(SolutionProperties) = preSolution
		HideSolutionNode = FALSE
	EndGlobalSection
	GlobalSection(ExtensibilityGlobals) = postSolution
		SolutionGuid = {F9410ADC-C920-444E-AC21-BFC4409EFC29}
	EndGlobalSection
EndGlobal
